// !$*UTF8*$!
{
	archiveVersion = 1;
	classes = {
	};
	objectVersion = 77;
	objects = {

/* Begin PBXContainerItemProxy section */
		DC63F1822DABBCED00FA611B /* PBXContainerItemProxy */ = {
			isa = PBXContainerItemProxy;
			containerPortal = DC63F1692DABBCEB00FA611B /* Project object */;
			proxyType = 1;
			remoteGlobalIDString = DC63F1702DABBCEB00FA611B;
			remoteInfo = FinalPrep;
		};
		DC63F18C2DABBCED00FA611B /* PBXContainerItemProxy */ = {
			isa = PBXContainerItemProxy;
			containerPortal = DC63F1692DABBCEB00FA611B /* Project object */;
			proxyType = 1;
			remoteGlobalIDString = DC63F1702DABBCEB00FA611B;
			remoteInfo = FinalPrep;
		};
/* End PBXContainerItemProxy section */

/* Begin PBXFileReference section */
		DC63F1712DABBCEB00FA611B /* FinalPrep.app */ = {isa = PBXFileReference; explicitFileType = wrapper.application; includeInIndex = 0; path = FinalPrep.app; sourceTree = BUILT_PRODUCTS_DIR; };
		DC63F1812DABBCED00FA611B /* FinalPrepTests.xctest */ = {isa = PBXFileReference; explicitFileType = wrapper.cfbundle; includeInIndex = 0; path = FinalPrepTests.xctest; sourceTree = BUILT_PRODUCTS_DIR; };
		DC63F18B2DABBCED00FA611B /* FinalPrepUITests.xctest */ = {isa = PBXFileReference; explicitFileType = wrapper.cfbundle; includeInIndex = 0; path = FinalPrepUITests.xctest; sourceTree = BUILT_PRODUCTS_DIR; };
/* End PBXFileReference section */

/* Begin PBXFileSystemSynchronizedRootGroup section */
		DC63F1732DABBCEB00FA611B /* FinalPrep */ = {
			isa = PBXFileSystemSynchronizedRootGroup;
			path = FinalPrep;
			sourceTree = "<group>";
		};
		DC63F1842DABBCED00FA611B /* FinalPrepTests */ = {
			isa = PBXFileSystemSynchronizedRootGroup;
			path = FinalPrepTests;
			sourceTree = "<group>";
		};
		DC63F18E2DABBCED00FA611B /* FinalPrepUITests */ = {
			isa = PBXFileSystemSynchronizedRootGroup;
			path = FinalPrepUITests;
			sourceTree = "<group>";
		};
/* End PBXFileSystemSynchronizedRootGroup section */

/* Begin PBXFrameworksBuildPhase section */
		DC63F16E2DABBCEB00FA611B /* Frameworks */ = {
			isa = PBXFrameworksBuildPhase;
			buildActionMask = 2147483647;
			files = (
			);
			runOnlyForDeploymentPostprocessing = 0;
		};
		DC63F17E2DABBCED00FA611B /* Frameworks */ = {
			isa = PBXFrameworksBuildPhase;
			buildActionMask = 2147483647;
			files = (
			);
			runOnlyForDeploymentPostprocessing = 0;
		};
		DC63F1882DABBCED00FA611B /* Frameworks */ = {
			isa = PBXFrameworksBuildPhase;
			buildActionMask = 2147483647;
			files = (
			);
			runOnlyForDeploymentPostprocessing = 0;
		};
/* End PBXFrameworksBuildPhase section */

/* Begin PBXGroup section */
		DC63F1682DABBCEB00FA611B = {
			isa = PBXGroup;
			children = (
				DC63F1732DABBCEB00FA611B /* FinalPrep */,
				DC63F1842DABBCED00FA611B /* FinalPrepTests */,
				DC63F18E2DABBCED00FA611B /* FinalPrepUITests */,
				DC63F1722DABBCEB00FA611B /* Products */,
			);
			sourceTree = "<group>";
		};
		DC63F1722DABBCEB00FA611B /* Products */ = {
			isa = PBXGroup;
			children = (
				DC63F1712DABBCEB00FA611B /* FinalPrep.app */,
				DC63F1812DABBCED00FA611B /* FinalPrepTests.xctest */,
				DC63F18B2DABBCED00FA611B /* FinalPrepUITests.xctest */,
			);
			name = Products;
			sourceTree = "<group>";
		};
/* End PBXGroup section */

/* Begin PBXNativeTarget section */
		DC63F1702DABBCEB00FA611B /* FinalPrep */ = {
			isa = PBXNativeTarget;
			buildConfigurationList = DC63F1952DABBCED00FA611B /* Build configuration list for PBXNativeTarget "FinalPrep" */;
			buildPhases = (
				DC63F16D2DABBCEB00FA611B /* Sources */,
				DC63F16E2DABBCEB00FA611B /* Frameworks */,
				DC63F16F2DABBCEB00FA611B /* Resources */,
			);
			buildRules = (
			);
			dependencies = (
			);
			fileSystemSynchronizedGroups = (
				DC63F1732DABBCEB00FA611B /* FinalPrep */,
			);
			name = FinalPrep;
			packageProductDependencies = (
			);
			productName = FinalPrep;
			productReference = DC63F1712DABBCEB00FA611B /* FinalPrep.app */;
			productType = "com.apple.product-type.application";
		};
		DC63F1802DABBCED00FA611B /* FinalPrepTests */ = {
			isa = PBXNativeTarget;
			buildConfigurationList = DC63F1982DABBCED00FA611B /* Build configuration list for PBXNativeTarget "FinalPrepTests" */;
			buildPhases = (
				DC63F17D2DABBCED00FA611B /* Sources */,
				DC63F17E2DABBCED00FA611B /* Frameworks */,
				DC63F17F2DABBCED00FA611B /* Resources */,
			);
			buildRules = (
			);
			dependencies = (
				DC63F1832DABBCED00FA611B /* PBXTargetDependency */,
			);
			fileSystemSynchronizedGroups = (
				DC63F1842DABBCED00FA611B /* FinalPrepTests */,
			);
			name = FinalPrepTests;
			packageProductDependencies = (
			);
			productName = FinalPrepTests;
			productReference = DC63F1812DABBCED00FA611B /* FinalPrepTests.xctest */;
			productType = "com.apple.product-type.bundle.unit-test";
		};
		DC63F18A2DABBCED00FA611B /* FinalPrepUITests */ = {
			isa = PBXNativeTarget;
			buildConfigurationList = DC63F19B2DABBCED00FA611B /* Build configuration list for PBXNativeTarget "FinalPrepUITests" */;
			buildPhases = (
				DC63F1872DABBCED00FA611B /* Sources */,
				DC63F1882DABBCED00FA611B /* Frameworks */,
				DC63F1892DABBCED00FA611B /* Resources */,
			);
			buildRules = (
			);
			dependencies = (
				DC63F18D2DABBCED00FA611B /* PBXTargetDependency */,
			);
			fileSystemSynchronizedGroups = (
				DC63F18E2DABBCED00FA611B /* FinalPrepUITests */,
			);
			name = FinalPrepUITests;
			packageProductDependencies = (
			);
			productName = FinalPrepUITests;
			productReference = DC63F18B2DABBCED00FA611B /* FinalPrepUITests.xctest */;
			productType = "com.apple.product-type.bundle.ui-testing";
		};
/* End PBXNativeTarget section */

/* Begin PBXProject section */
		DC63F1692DABBCEB00FA611B /* Project object */ = {
			isa = PBXProject;
			attributes = {
				BuildIndependentTargetsInParallel = 1;
				LastSwiftUpdateCheck = 1620;
				LastUpgradeCheck = 1620;
				TargetAttributes = {
					DC63F1702DABBCEB00FA611B = {
						CreatedOnToolsVersion = 16.2;
					};
					DC63F1802DABBCED00FA611B = {
						CreatedOnToolsVersion = 16.2;
						TestTargetID = DC63F1702DABBCEB00FA611B;
					};
					DC63F18A2DABBCED00FA611B = {
						CreatedOnToolsVersion = 16.2;
						TestTargetID = DC63F1702DABBCEB00FA611B;
					};
				};
			};
			buildConfigurationList = DC63F16C2DABBCEB00FA611B /* Build configuration list for PBXProject "FinalPrep" */;
			developmentRegion = en;
			hasScannedForEncodings = 0;
			knownRegions = (
				en,
				Base,
			);
			mainGroup = DC63F1682DABBCEB00FA611B;
			minimizedProjectReferenceProxies = 1;
			preferredProjectObjectVersion = 77;
			productRefGroup = DC63F1722DABBCEB00FA611B /* Products */;
			projectDirPath = "";
			projectRoot = "";
			targets = (
				DC63F1702DABBCEB00FA611B /* FinalPrep */,
				DC63F1802DABBCED00FA611B /* FinalPrepTests */,
				DC63F18A2DABBCED00FA611B /* FinalPrepUITests */,
			);
		};
/* End PBXProject section */

/* Begin PBXResourcesBuildPhase section */
		DC63F16F2DABBCEB00FA611B /* Resources */ = {
			isa = PBXResourcesBuildPhase;
			buildActionMask = 2147483647;
			files = (
			);
			runOnlyForDeploymentPostprocessing = 0;
		};
		DC63F17F2DABBCED00FA611B /* Resources */ = {
			isa = PBXResourcesBuildPhase;
			buildActionMask = 2147483647;
			files = (
			);
			runOnlyForDeploymentPostprocessing = 0;
		};
		DC63F1892DABBCED00FA611B /* Resources */ = {
			isa = PBXResourcesBuildPhase;
			buildActionMask = 2147483647;
			files = (
			);
			runOnlyForDeploymentPostprocessing = 0;
		};
/* End PBXResourcesBuildPhase section */

/* Begin PBXSourcesBuildPhase section */
		DC63F16D2DABBCEB00FA611B /* Sources */ = {
			isa = PBXSourcesBuildPhase;
			buildActionMask = 2147483647;
			files = (
			);
			runOnlyForDeploymentPostprocessing = 0;
		};
		DC63F17D2DABBCED00FA611B /* Sources */ = {
			isa = PBXSourcesBuildPhase;
			buildActionMask = 2147483647;
			files = (
			);
			runOnlyForDeploymentPostprocessing = 0;
		};
		DC63F1872DABBCED00FA611B /* Sources */ = {
			isa = PBXSourcesBuildPhase;
			buildActionMask = 2147483647;
			files = (
			);
			runOnlyForDeploymentPostprocessing = 0;
		};
/* End PBXSourcesBuildPhase section */

/* Begin PBXTargetDependency section */
		DC63F1832DABBCED00FA611B /* PBXTargetDependency */ = {
			isa = PBXTargetDependency;
			target = DC63F1702DABBCEB00FA611B /* FinalPrep */;
			targetProxy = DC63F1822DABBCED00FA611B /* PBXContainerItemProxy */;
		};
		DC63F18D2DABBCED00FA611B /* PBXTargetDependency */ = {
			isa = PBXTargetDependency;
			target = DC63F1702DABBCEB00FA611B /* FinalPrep */;
			targetProxy = DC63F18C2DABBCED00FA611B /* PBXContainerItemProxy */;
		};
/* End PBXTargetDependency section */

/* Begin XCBuildConfiguration section */
		DC63F1932DABBCED00FA611B /* Debug */ = {
			isa = XCBuildConfiguration;
			buildSettings = {
				ALWAYS_SEARCH_USER_PATHS = NO;
				ASSETCATALOG_COMPILER_GENERATE_SWIFT_ASSET_SYMBOL_EXTENSIONS = YES;
				CLANG_ANALYZER_NONNULL = YES;
				CLANG_ANALYZER_NUMBER_OBJECT_CONVERSION = YES_AGGRESSIVE;
				CLANG_CXX_LANGUAGE_STANDARD = "gnu++20";
				CLANG_ENABLE_MODULES = YES;
				CLANG_ENABLE_OBJC_ARC = YES;
				CLANG_ENABLE_OBJC_WEAK = YES;
				CLANG_WARN_BLOCK_CAPTURE_AUTORELEASING = YES;
				CLANG_WARN_BOOL_CONVERSION = YES;
				CLANG_WARN_COMMA = YES;
				CLANG_WARN_CONSTANT_CONVERSION = YES;
				CLANG_WARN_DEPRECATED_OBJC_IMPLEMENTATIONS = YES;
				CLANG_WARN_DIRECT_OBJC_ISA_USAGE = YES_ERROR;
				CLANG_WARN_DOCUMENTATION_COMMENTS = YES;
				CLANG_WARN_EMPTY_BODY = YES;
				CLANG_WARN_ENUM_CONVERSION = YES;
				CLANG_WARN_INFINITE_RECURSION = YES;
				CLANG_WARN_INT_CONVERSION = YES;
				CLANG_WARN_NON_LITERAL_NULL_CONVERSION = YES;
				CLANG_WARN_OBJC_IMPLICIT_RETAIN_SELF = YES;
				CLANG_WARN_OBJC_LITERAL_CONVERSION = YES;
				CLANG_WARN_OBJC_ROOT_CLASS = YES_ERROR;
				CLANG_WARN_QUOTED_INCLUDE_IN_FRAMEWORK_HEADER = YES;
				CLANG_WARN_RANGE_LOOP_ANALYSIS = YES;
				CLANG_WARN_STRICT_PROTOTYPES = YES;
				CLANG_WARN_SUSPICIOUS_MOVE = YES;
				CLANG_WARN_UNGUARDED_AVAILABILITY = YES_AGGRESSIVE;
				CLANG_WARN_UNREACHABLE_CODE = YES;
				CLANG_WARN__DUPLICATE_METHOD_MATCH = YES;
				COPY_PHASE_STRIP = NO;
				DEBUG_INFORMATION_FORMAT = dwarf;
				ENABLE_STRICT_OBJC_MSGSEND = YES;
				ENABLE_TESTABILITY = YES;
				ENABLE_USER_SCRIPT_SANDBOXING = YES;
				GCC_C_LANGUAGE_STANDARD = gnu17;
				GCC_DYNAMIC_NO_PIC = NO;
				GCC_NO_COMMON_BLOCKS = YES;
				GCC_OPTIMIZATION_LEVEL = 0;
				GCC_PREPROCESSOR_DEFINITIONS = (
					"DEBUG=1",
					"$(inherited)",
				);
				GCC_WARN_64_TO_32_BIT_CONVERSION = YES;
				GCC_WARN_ABOUT_RETURN_TYPE = YES_ERROR;
				GCC_WARN_UNDECLARED_SELECTOR = YES;
				GCC_WARN_UNINITIALIZED_AUTOS = YES_AGGRESSIVE;
				GCC_WARN_UNUSED_FUNCTION = YES;
				GCC_WARN_UNUSED_VARIABLE = YES;
				IPHONEOS_DEPLOYMENT_TARGET = 18.2;
				LOCALIZATION_PREFERS_STRING_CATALOGS = YES;
				MTL_ENABLE_DEBUG_INFO = INCLUDE_SOURCE;
				MTL_FAST_MATH = YES;
				ONLY_ACTIVE_ARCH = YES;
				SDKROOT = iphoneos;
				SWIFT_ACTIVE_COMPILATION_CONDITIONS = "DEBUG $(inherited)";
				SWIFT_OPTIMIZATION_LEVEL = "-Onone";
			};
			name = Debug;
		};
		DC63F1942DABBCED00FA611B /* Release */ = {
			isa = XCBuildConfiguration;
			buildSettings = {
				ALWAYS_SEARCH_USER_PATHS = NO;
				ASSETCATALOG_COMPILER_GENERATE_SWIFT_ASSET_SYMBOL_EXTENSIONS = YES;
				CLANG_ANALYZER_NONNULL = YES;
				CLANG_ANALYZER_NUMBER_OBJECT_CONVERSION = YES_AGGRESSIVE;
				CLANG_CXX_LANGUAGE_STANDARD = "gnu++20";
				CLANG_ENABLE_MODULES = YES;
				CLANG_ENABLE_OBJC_ARC = YES;
				CLANG_ENABLE_OBJC_WEAK = YES;
				CLANG_WARN_BLOCK_CAPTURE_AUTORELEASING = YES;
				CLANG_WARN_BOOL_CONVERSION = YES;
				CLANG_WARN_COMMA = YES;
				CLANG_WARN_CONSTANT_CONVERSION = YES;
				CLANG_WARN_DEPRECATED_OBJC_IMPLEMENTATIONS = YES;
				CLANG_WARN_DIRECT_OBJC_ISA_USAGE = YES_ERROR;
				CLANG_WARN_DOCUMENTATION_COMMENTS = YES;
				CLANG_WARN_EMPTY_BODY = YES;
				CLANG_WARN_ENUM_CONVERSION = YES;
				CLANG_WARN_INFINITE_RECURSION = YES;
				CLANG_WARN_INT_CONVERSION = YES;
				CLANG_WARN_NON_LITERAL_NULL_CONVERSION = YES;
				CLANG_WARN_OBJC_IMPLICIT_RETAIN_SELF = YES;
				CLANG_WARN_OBJC_LITERAL_CONVERSION = YES;
				CLANG_WARN_OBJC_ROOT_CLASS = YES_ERROR;
				CLANG_WARN_QUOTED_INCLUDE_IN_FRAMEWORK_HEADER = YES;
				CLANG_WARN_RANGE_LOOP_ANALYSIS = YES;
				CLANG_WARN_STRICT_PROTOTYPES = YES;
				CLANG_WARN_SUSPICIOUS_MOVE = YES;
				CLANG_WARN_UNGUARDED_AVAILABILITY = YES_AGGRESSIVE;
				CLANG_WARN_UNREACHABLE_CODE = YES;
				CLANG_WARN__DUPLICATE_METHOD_MATCH = YES;
				COPY_PHASE_STRIP = NO;
				DEBUG_INFORMATION_FORMAT = "dwarf-with-dsym";
				ENABLE_NS_ASSERTIONS = NO;
				ENABLE_STRICT_OBJC_MSGSEND = YES;
				ENABLE_USER_SCRIPT_SANDBOXING = YES;
				GCC_C_LANGUAGE_STANDARD = gnu17;
				GCC_NO_COMMON_BLOCKS = YES;
				GCC_WARN_64_TO_32_BIT_CONVERSION = YES;
				GCC_WARN_ABOUT_RETURN_TYPE = YES_ERROR;
				GCC_WARN_UNDECLARED_SELECTOR = YES;
				GCC_WARN_UNINITIALIZED_AUTOS = YES_AGGRESSIVE;
				GCC_WARN_UNUSED_FUNCTION = YES;
				GCC_WARN_UNUSED_VARIABLE = YES;
				IPHONEOS_DEPLOYMENT_TARGET = 18.2;
				LOCALIZATION_PREFERS_STRING_CATALOGS = YES;
				MTL_ENABLE_DEBUG_INFO = NO;
				MTL_FAST_MATH = YES;
				SDKROOT = iphoneos;
				SWIFT_COMPILATION_MODE = wholemodule;
				VALIDATE_PRODUCT = YES;
			};
			name = Release;
		};
		DC63F1962DABBCED00FA611B /* Debug */ = {
			isa = XCBuildConfiguration;
			buildSettings = {
				ASSETCATALOG_COMPILER_APPICON_NAME = AppIcon;
				ASSETCATALOG_COMPILER_GLOBAL_ACCENT_COLOR_NAME = AccentColor;
				CODE_SIGN_STYLE = Automatic;
				CURRENT_PROJECT_VERSION = 1;
				DEVELOPMENT_ASSET_PATHS = "\"FinalPrep/Preview Content\"";
				ENABLE_PREVIEWS = YES;
				GENERATE_INFOPLIST_FILE = YES;
				INFOPLIST_KEY_UIApplicationSceneManifest_Generation = YES;
				INFOPLIST_KEY_UIApplicationSupportsIndirectInputEvents = YES;
				INFOPLIST_KEY_UILaunchScreen_Generation = YES;
				INFOPLIST_KEY_UISupportedInterfaceOrientations_iPad = "UIInterfaceOrientationPortrait UIInterfaceOrientationPortraitUpsideDown UIInterfaceOrientationLandscapeLeft UIInterfaceOrientationLandscapeRight";
				INFOPLIST_KEY_UISupportedInterfaceOrientations_iPhone = "UIInterfaceOrientationPortrait UIInterfaceOrientationLandscapeLeft UIInterfaceOrientationLandscapeRight";
				LD_RUNPATH_SEARCH_PATHS = (
					"$(inherited)",
					"@executable_path/Frameworks",
				);
				MARKETING_VERSION = 1.0;
				PRODUCT_BUNDLE_IDENTIFIER = camosun.icsC0534704.FinalPrep;
				PRODUCT_NAME = "$(TARGET_NAME)";
				SWIFT_EMIT_LOC_STRINGS = YES;
				SWIFT_VERSION = 5.0;
				TARGETED_DEVICE_FAMILY = "1,2";
			};
			name = Debug;
		};
		DC63F1972DABBCED00FA611B /* Release */ = {
			isa = XCBuildConfiguration;
			buildSettings = {
				ASSETCATALOG_COMPILER_APPICON_NAME = AppIcon;
				ASSETCATALOG_COMPILER_GLOBAL_ACCENT_COLOR_NAME = AccentColor;
				CODE_SIGN_STYLE = Automatic;
				CURRENT_PROJECT_VERSION = 1;
				DEVELOPMENT_ASSET_PATHS = "\"FinalPrep/Preview Content\"";
				ENABLE_PREVIEWS = YES;
				GENERATE_INFOPLIST_FILE = YES;
				INFOPLIST_KEY_UIApplicationSceneManifest_Generation = YES;
				INFOPLIST_KEY_UIApplicationSupportsIndirectInputEvents = YES;
				INFOPLIST_KEY_UILaunchScreen_Generation = YES;
				INFOPLIST_KEY_UISupportedInterfaceOrientations_iPad = "UIInterfaceOrientationPortrait UIInterfaceOrientationPortraitUpsideDown UIInterfaceOrientationLandscapeLeft UIInterfaceOrientationLandscapeRight";
				INFOPLIST_KEY_UISupportedInterfaceOrientations_iPhone = "UIInterfaceOrientationPortrait UIInterfaceOrientationLandscapeLeft UIInterfaceOrientationLandscapeRight";
				LD_RUNPATH_SEARCH_PATHS = (
					"$(inherited)",
					"@executable_path/Frameworks",
				);
				MARKETING_VERSION = 1.0;
				PRODUCT_BUNDLE_IDENTIFIER = camosun.icsC0534704.FinalPrep;
				PRODUCT_NAME = "$(TARGET_NAME)";
				SWIFT_EMIT_LOC_STRINGS = YES;
				SWIFT_VERSION = 5.0;
				TARGETED_DEVICE_FAMILY = "1,2";
			};
			name = Release;
		};
		DC63F1992DABBCED00FA611B /* Debug */ = {
			isa = XCBuildConfiguration;
			buildSettings = {
				BUNDLE_LOADER = "$(TEST_HOST)";
				CODE_SIGN_STYLE = Automatic;
				CURRENT_PROJECT_VERSION = 1;
				GENERATE_INFOPLIST_FILE = YES;
				IPHONEOS_DEPLOYMENT_TARGET = 18.2;
				MARKETING_VERSION = 1.0;
				PRODUCT_BUNDLE_IDENTIFIER = camosun.icsC0534704.FinalPrepTests;
				PRODUCT_NAME = "$(TARGET_NAME)";
				SWIFT_EMIT_LOC_STRINGS = NO;
				SWIFT_VERSION = 5.0;
				TARGETED_DEVICE_FAMILY = "1,2";
				TEST_HOST = "$(BUILT_PRODUCTS_DIR)/FinalPrep.app/$(BUNDLE_EXECUTABLE_FOLDER_PATH)/FinalPrep";
			};
			name = Debug;
		};
		DC63F19A2DABBCED00FA611B /* Release */ = {
			isa = XCBuildConfiguration;
			buildSettings = {
				BUNDLE_LOADER = "$(TEST_HOST)";
				CODE_SIGN_STYLE = Automatic;
				CURRENT_PROJECT_VERSION = 1;
				GENERATE_INFOPLIST_FILE = YES;
				IPHONEOS_DEPLOYMENT_TARGET = 18.2;
				MARKETING_VERSION = 1.0;
				PRODUCT_BUNDLE_IDENTIFIER = camosun.icsC0534704.FinalPrepTests;
				PRODUCT_NAME = "$(TARGET_NAME)";
				SWIFT_EMIT_LOC_STRINGS = NO;
				SWIFT_VERSION = 5.0;
				TARGETED_DEVICE_FAMILY = "1,2";
				TEST_HOST = "$(BUILT_PRODUCTS_DIR)/FinalPrep.app/$(BUNDLE_EXECUTABLE_FOLDER_PATH)/FinalPrep";
			};
			name = Release;
		};
		DC63F19C2DABBCED00FA611B /* Debug */ = {
			isa = XCBuildConfiguration;
			buildSettings = {
				CODE_SIGN_STYLE = Automatic;
				CURRENT_PROJECT_VERSION = 1;
				GENERATE_INFOPLIST_FILE = YES;
				MARKETING_VERSION = 1.0;
				PRODUCT_BUNDLE_IDENTIFIER = camosun.icsC0534704.FinalPrepUITests;
				PRODUCT_NAME = "$(TARGET_NAME)";
				SWIFT_EMIT_LOC_STRINGS = NO;
				SWIFT_VERSION = 5.0;
				TARGETED_DEVICE_FAMILY = "1,2";
				TEST_TARGET_NAME = FinalPrep;
			};
			name = Debug;
		};
		DC63F19D2DABBCED00FA611B /* Release */ = {
			isa = XCBuildConfiguration;
			buildSettings = {
				CODE_SIGN_STYLE = Automatic;
				CURRENT_PROJECT_VERSION = 1;
				GENERATE_INFOPLIST_FILE = YES;
				MARKETING_VERSION = 1.0;
				PRODUCT_BUNDLE_IDENTIFIER = camosun.icsC0534704.FinalPrepUITests;
				PRODUCT_NAME = "$(TARGET_NAME)";
				SWIFT_EMIT_LOC_STRINGS = NO;
				SWIFT_VERSION = 5.0;
				TARGETED_DEVICE_FAMILY = "1,2";
				TEST_TARGET_NAME = FinalPrep;
			};
			name = Release;
		};
/* End XCBuildConfiguration section */

/* Begin XCConfigurationList section */
		DC63F16C2DABBCEB00FA611B /* Build configuration list for PBXProject "FinalPrep" */ = {
			isa = XCConfigurationList;
			buildConfigurations = (
				DC63F1932DABBCED00FA611B /* Debug */,
				DC63F1942DABBCED00FA611B /* Release */,
			);
			defaultConfigurationIsVisible = 0;
			defaultConfigurationName = Release;
		};
		DC63F1952DABBCED00FA611B /* Build configuration list for PBXNativeTarget "FinalPrep" */ = {
			isa = XCConfigurationList;
			buildConfigurations = (
				DC63F1962DABBCED00FA611B /* Debug */,
				DC63F1972DABBCED00FA611B /* Release */,
			);
			defaultConfigurationIsVisible = 0;
			defaultConfigurationName = Release;
		};
		DC63F1982DABBCED00FA611B /* Build configuration list for PBXNativeTarget "FinalPrepTests" */ = {
			isa = XCConfigurationList;
			buildConfigurations = (
				DC63F1992DABBCED00FA611B /* Debug */,
				DC63F19A2DABBCED00FA611B /* Release */,
			);
			defaultConfigurationIsVisible = 0;
			defaultConfigurationName = Release;
		};
		DC63F19B2DABBCED00FA611B /* Build configuration list for PBXNativeTarget "FinalPrepUITests" */ = {
			isa = XCConfigurationList;
			buildConfigurations = (
				DC63F19C2DABBCED00FA611B /* Debug */,
				DC63F19D2DABBCED00FA611B /* Release */,
			);
			defaultConfigurationIsVisible = 0;
			defaultConfigurationName = Release;
		};
/* End XCConfigurationList section */
	};
	rootObject = DC63F1692DABBCEB00FA611B /* Project object */;
}
